
Microsoft Visual Studio Solution File, Format Version 12.00
# Visual Studio Express 2013 for Web
VisualStudioVersion = 12.0.30501.0
MinimumVisualStudioVersion = 10.0.40219.1
Project("{FAE04EC0-301F-11D3-BF4B-00C04F79EFBC}") = "01.SimpleForm", "01.SimpleForm\01.SimpleForm.csproj", "{1F89E41B-0593-428D-BE32-AC2180F439E8}"
EndProject
Project("{FAE04EC0-301F-11D3-BF4B-00C04F79EFBC}") = "03.WordPress-Theme", "03.WordPress-Theme\03.WordPress-Theme.csproj", "{CD913324-688F-48B8-89C7-FD4FE2D946D8}"
EndProject
Project("{FAE04EC0-301F-11D3-BF4B-00C04F79EFBC}") = "02.Flight-Order", "02.Flight-Order\02.Flight-Order.csproj", "{5E276B9F-2F39-4721-A4EF-F48D615B29BB}"
EndProject
Global
	GlobalSection(SolutionConfigurationPlatforms) = preSolution
		Debug|Any CPU = Debug|Any CPU
		Release|Any CPU = Release|Any CPU
	EndGlobalSection
	GlobalSection(ProjectConfigurationPlatforms) = postSolution
		{1F89E41B-0593-428D-BE32-AC2180F439E8}.Debug|Any CPU.ActiveCfg = Debug|Any CPU
		{1F89E41B-0593-428D-BE32-AC2180F439E8}.Debug|Any CPU.Build.0 = Debug|Any CPU
		{1F89E41B-0593-428D-BE32-AC2180F439E8}.Release|Any CPU.ActiveCfg = Release|Any CPU
		{1F89E41B-0593-428D-BE32-AC2180F439E8}.Release|Any CPU.Build.0 = Release|Any CPU
		{CD913324-688F-48B8-89C7-FD4FE2D946D8}.Debug|Any CPU.ActiveCfg = Debug|Any CPU
		{CD913324-688F-48B8-89C7-FD4FE2D946D8}.Debug|Any CPU.Build.0 = Debug|Any CPU
		{CD913324-688F-48B8-89C7-FD4FE2D946D8}.Release|Any CPU.ActiveCfg = Release|Any CPU
		{CD913324-688F-48B8-89C7-FD4FE2D946D8}.Release|Any CPU.Build.0 = Release|Any CPU
		{5E276B9F-2F39-4721-A4EF-F48D615B29BB}.Debug|Any CPU.ActiveCfg = Debug|Any CPU
		{5E276B9F-2F39-4721-A4EF-F48D615B29BB}.Debug|Any CPU.Build.0 = Debug|Any CPU
		{5E276B9F-2F39-4721-A4EF-F48D615B29BB}.Release|Any CPU.ActiveCfg = Release|Any CPU
		{5E276B9F-2F39-4721-A4EF-F48D615B29BB}.Release|Any CPU.Build.0 = Release|Any CPU
	EndGlobalSection
	GlobalSection(SolutionProperties) = preSolution
		HideSolutionNode = FALSE
	EndGlobalSection
EndGlobal
