
Microsoft Visual Studio Solution File, Format Version 12.00
# Visual Studio Express 2012 for Windows Desktop
Project("{FAE04EC0-301F-11D3-BF4B-00C04F79EFBC}") = "04.HelloCSharp", "04.HelloCSharp\04.HelloCSharp.csproj", "{DD975E9B-F93E-48A2-A087-89070C677A5C}"
EndProject
Project("{FAE04EC0-301F-11D3-BF4B-00C04F79EFBC}") = "05.PrintYourName", "05.PrintYourName\05.PrintYourName.csproj", "{EE543796-1636-4E6C-8314-B88A53E30A1D}"
EndProject
Project("{FAE04EC0-301F-11D3-BF4B-00C04F79EFBC}") = "06.PrintNumbers", "06.PrintNumbers\06.PrintNumbers.csproj", "{2473150B-E573-4CEC-89F0-AFB14734470B}"
EndProject
Project("{FAE04EC0-301F-11D3-BF4B-00C04F79EFBC}") = "07.PrintFirstAndLastName", "07.PrintFirstAndLastName\07.PrintFirstAndLastName.csproj", "{FC8D983A-9586-4F04-B586-CEA4F4692BE5}"
EndProject
Project("{FAE04EC0-301F-11D3-BF4B-00C04F79EFBC}") = "08.SquareRoot", "08.SquareRoot\08.SquareRoot.csproj", "{FA1322CC-4725-43F7-A72D-996A933CC569}"
EndProject
Project("{FAE04EC0-301F-11D3-BF4B-00C04F79EFBC}") = "09.PrintSequence", "10.PrintSequence\09.PrintSequence.csproj", "{7F638983-0562-4189-BD99-B24CA41DB390}"
EndProject
Project("{FAE04EC0-301F-11D3-BF4B-00C04F79EFBC}") = "10.ReformatCode", "10.ReformatCode\10.ReformatCode.csproj", "{613BF04A-8B67-4F09-A5DF-40470670BCE3}"
EndProject
Project("{FAE04EC0-301F-11D3-BF4B-00C04F79EFBC}") = "14.CurrentDateAndTime", "14.CurrentDateAndTime\14.CurrentDateAndTime.csproj", "{807C4AB2-7599-46DD-99A4-0A459A005455}"
EndProject
Project("{FAE04EC0-301F-11D3-BF4B-00C04F79EFBC}") = "15.AgeAfter10Years", "15.AgeAfter10Years\15.AgeAfter10Years.csproj", "{687205B3-5244-4C60-B813-15FCBEEDAED5}"
EndProject
Project("{FAE04EC0-301F-11D3-BF4B-00C04F79EFBC}") = "16.PrintLongSequence", "16.PrintLongSequence\16.PrintLongSequence.csproj", "{758F11D2-8D81-4C7E-BBB1-25A3C80C6C30}"
EndProject
Global
	GlobalSection(SolutionConfigurationPlatforms) = preSolution
		Debug|Any CPU = Debug|Any CPU
		Release|Any CPU = Release|Any CPU
	EndGlobalSection
	GlobalSection(ProjectConfigurationPlatforms) = postSolution
		{DD975E9B-F93E-48A2-A087-89070C677A5C}.Debug|Any CPU.ActiveCfg = Debug|Any CPU
		{DD975E9B-F93E-48A2-A087-89070C677A5C}.Debug|Any CPU.Build.0 = Debug|Any CPU
		{DD975E9B-F93E-48A2-A087-89070C677A5C}.Release|Any CPU.ActiveCfg = Release|Any CPU
		{DD975E9B-F93E-48A2-A087-89070C677A5C}.Release|Any CPU.Build.0 = Release|Any CPU
		{EE543796-1636-4E6C-8314-B88A53E30A1D}.Debug|Any CPU.ActiveCfg = Debug|Any CPU
		{EE543796-1636-4E6C-8314-B88A53E30A1D}.Debug|Any CPU.Build.0 = Debug|Any CPU
		{EE543796-1636-4E6C-8314-B88A53E30A1D}.Release|Any CPU.ActiveCfg = Release|Any CPU
		{EE543796-1636-4E6C-8314-B88A53E30A1D}.Release|Any CPU.Build.0 = Release|Any CPU
		{2473150B-E573-4CEC-89F0-AFB14734470B}.Debug|Any CPU.ActiveCfg = Debug|Any CPU
		{2473150B-E573-4CEC-89F0-AFB14734470B}.Debug|Any CPU.Build.0 = Debug|Any CPU
		{2473150B-E573-4CEC-89F0-AFB14734470B}.Release|Any CPU.ActiveCfg = Release|Any CPU
		{2473150B-E573-4CEC-89F0-AFB14734470B}.Release|Any CPU.Build.0 = Release|Any CPU
		{FC8D983A-9586-4F04-B586-CEA4F4692BE5}.Debug|Any CPU.ActiveCfg = Debug|Any CPU
		{FC8D983A-9586-4F04-B586-CEA4F4692BE5}.Debug|Any CPU.Build.0 = Debug|Any CPU
		{FC8D983A-9586-4F04-B586-CEA4F4692BE5}.Release|Any CPU.ActiveCfg = Release|Any CPU
		{FC8D983A-9586-4F04-B586-CEA4F4692BE5}.Release|Any CPU.Build.0 = Release|Any CPU
		{FA1322CC-4725-43F7-A72D-996A933CC569}.Debug|Any CPU.ActiveCfg = Debug|Any CPU
		{FA1322CC-4725-43F7-A72D-996A933CC569}.Debug|Any CPU.Build.0 = Debug|Any CPU
		{FA1322CC-4725-43F7-A72D-996A933CC569}.Release|Any CPU.ActiveCfg = Release|Any CPU
		{FA1322CC-4725-43F7-A72D-996A933CC569}.Release|Any CPU.Build.0 = Release|Any CPU
		{7F638983-0562-4189-BD99-B24CA41DB390}.Debug|Any CPU.ActiveCfg = Debug|Any CPU
		{7F638983-0562-4189-BD99-B24CA41DB390}.Debug|Any CPU.Build.0 = Debug|Any CPU
		{7F638983-0562-4189-BD99-B24CA41DB390}.Release|Any CPU.ActiveCfg = Release|Any CPU
		{7F638983-0562-4189-BD99-B24CA41DB390}.Release|Any CPU.Build.0 = Release|Any CPU
		{613BF04A-8B67-4F09-A5DF-40470670BCE3}.Debug|Any CPU.ActiveCfg = Debug|Any CPU
		{613BF04A-8B67-4F09-A5DF-40470670BCE3}.Debug|Any CPU.Build.0 = Debug|Any CPU
		{613BF04A-8B67-4F09-A5DF-40470670BCE3}.Release|Any CPU.ActiveCfg = Release|Any CPU
		{613BF04A-8B67-4F09-A5DF-40470670BCE3}.Release|Any CPU.Build.0 = Release|Any CPU
		{807C4AB2-7599-46DD-99A4-0A459A005455}.Debug|Any CPU.ActiveCfg = Debug|Any CPU
		{807C4AB2-7599-46DD-99A4-0A459A005455}.Debug|Any CPU.Build.0 = Debug|Any CPU
		{807C4AB2-7599-46DD-99A4-0A459A005455}.Release|Any CPU.ActiveCfg = Release|Any CPU
		{807C4AB2-7599-46DD-99A4-0A459A005455}.Release|Any CPU.Build.0 = Release|Any CPU
		{687205B3-5244-4C60-B813-15FCBEEDAED5}.Debug|Any CPU.ActiveCfg = Debug|Any CPU
		{687205B3-5244-4C60-B813-15FCBEEDAED5}.Debug|Any CPU.Build.0 = Debug|Any CPU
		{687205B3-5244-4C60-B813-15FCBEEDAED5}.Release|Any CPU.ActiveCfg = Release|Any CPU
		{687205B3-5244-4C60-B813-15FCBEEDAED5}.Release|Any CPU.Build.0 = Release|Any CPU
		{758F11D2-8D81-4C7E-BBB1-25A3C80C6C30}.Debug|Any CPU.ActiveCfg = Debug|Any CPU
		{758F11D2-8D81-4C7E-BBB1-25A3C80C6C30}.Debug|Any CPU.Build.0 = Debug|Any CPU
		{758F11D2-8D81-4C7E-BBB1-25A3C80C6C30}.Release|Any CPU.ActiveCfg = Release|Any CPU
		{758F11D2-8D81-4C7E-BBB1-25A3C80C6C30}.Release|Any CPU.Build.0 = Release|Any CPU
	EndGlobalSection
	GlobalSection(SolutionProperties) = preSolution
		HideSolutionNode = FALSE
	EndGlobalSection
EndGlobal
