
Microsoft Visual Studio Solution File, Format Version 12.00
# Visual Studio Express 2013 for Windows Desktop
VisualStudioVersion = 12.0.30723.0
MinimumVisualStudioVersion = 10.0.40219.1
Project("{FAE04EC0-301F-11D3-BF4B-00C04F79EFBC}") = "GalacticGPS", "GalacticGPS\GalacticGPS.csproj", "{5D9B5584-77AA-4B74-9817-CABFAAEBF917}"
EndProject
Project("{FAE04EC0-301F-11D3-BF4B-00C04F79EFBC}") = "FunctionalCalculator", "FunctionalCalculator\FunctionalCalculator.csproj", "{12B3B8DA-1CB5-4DC0-AC12-14EC348B593E}"
EndProject
Project("{FAE04EC0-301F-11D3-BF4B-00C04F79EFBC}") = "GenericList", "GenericList\GenericList.csproj", "{4CA0180E-85EE-4EA3-8775-9FEF9868EF41}"
EndProject
Global
	GlobalSection(SolutionConfigurationPlatforms) = preSolution
		Debug|Any CPU = Debug|Any CPU
		Release|Any CPU = Release|Any CPU
	EndGlobalSection
	GlobalSection(ProjectConfigurationPlatforms) = postSolution
		{5D9B5584-77AA-4B74-9817-CABFAAEBF917}.Debug|Any CPU.ActiveCfg = Debug|Any CPU
		{5D9B5584-77AA-4B74-9817-CABFAAEBF917}.Debug|Any CPU.Build.0 = Debug|Any CPU
		{5D9B5584-77AA-4B74-9817-CABFAAEBF917}.Release|Any CPU.ActiveCfg = Release|Any CPU
		{5D9B5584-77AA-4B74-9817-CABFAAEBF917}.Release|Any CPU.Build.0 = Release|Any CPU
		{12B3B8DA-1CB5-4DC0-AC12-14EC348B593E}.Debug|Any CPU.ActiveCfg = Debug|Any CPU
		{12B3B8DA-1CB5-4DC0-AC12-14EC348B593E}.Debug|Any CPU.Build.0 = Debug|Any CPU
		{12B3B8DA-1CB5-4DC0-AC12-14EC348B593E}.Release|Any CPU.ActiveCfg = Release|Any CPU
		{12B3B8DA-1CB5-4DC0-AC12-14EC348B593E}.Release|Any CPU.Build.0 = Release|Any CPU
		{4CA0180E-85EE-4EA3-8775-9FEF9868EF41}.Debug|Any CPU.ActiveCfg = Debug|Any CPU
		{4CA0180E-85EE-4EA3-8775-9FEF9868EF41}.Debug|Any CPU.Build.0 = Debug|Any CPU
		{4CA0180E-85EE-4EA3-8775-9FEF9868EF41}.Release|Any CPU.ActiveCfg = Release|Any CPU
		{4CA0180E-85EE-4EA3-8775-9FEF9868EF41}.Release|Any CPU.Build.0 = Release|Any CPU
	EndGlobalSection
	GlobalSection(SolutionProperties) = preSolution
		HideSolutionNode = FALSE
	EndGlobalSection
EndGlobal
